# This file is automatically @generated by Cargo.
# It is not intended for manual editing.
version = 4

[[package]]
name = "kgpacks-agent"
version = "0.1.0"

[[package]]
name = "kgpacks-backend"
version = "0.1.0"
dependencies = [
 "kgpacks-agent",
 "kgpacks-db",
 "kgpacks-embeddings",
 "kgpacks-query",
]

[[package]]
name = "kgpacks-cli"
version = "0.1.0"
dependencies = [
 "kgpacks-agent",
 "kgpacks-db",
 "kgpacks-embeddings",
 "kgpacks-eval",
 "kgpacks-ingestion",
 "kgpacks-packs",
 "kgpacks-query",
]

[[package]]
name = "kgpacks-db"
version = "0.1.0"

[[package]]
name = "kgpacks-embeddings"
version = "0.1.0"

[[package]]
name = "kgpacks-eval"
version = "0.1.0"
dependencies = [
 "kgpacks-agent",
 "kgpacks-db",
 "kgpacks-embeddings",
 "kgpacks-packs",
 "kgpacks-query",
]

[[package]]
name = "kgpacks-ingestion"
version = "0.1.0"
dependencies = [
 "kgpacks-agent",
 "kgpacks-db",
 "kgpacks-embeddings",
]

[[package]]
name = "kgpacks-mcp"
version = "0.1.0"
dependencies = [
 "kgpacks-db",
 "kgpacks-packs",
 "kgpacks-query",
]

[[package]]
name = "kgpacks-packs"
version = "0.1.0"

[[package]]
name = "kgpacks-query"
version = "0.1.0"
dependencies = [
 "kgpacks-agent",
 "kgpacks-db",
 "kgpacks-embeddings",
]
